<?xml version="1.0" encoding="UTF-8" standalone="yes" ?>
<CodeBlocks_project_file>
	<FileVersion major="1" minor="6" />
	<Project>
		<Option title="UKF" />
		<Option pch_mode="2" />
		<Option compiler="gcc" />
		<Build>
			<Target title="Debug">
				<Option output="bin/Debug/UKF" prefix_auto="1" extension_auto="1" />
				<Option object_output="obj/Debug/" />
				<Option type="1" />
				<Option compiler="gcc" />
				<Option parameters="..\data\sample-laser-radar-measurement-data-2.txt output.txt" />
				<Compiler>
					<Add option="-g" />
				</Compiler>
			</Target>
			<Target title="Release">
				<Option output="bin/Release/UKF" prefix_auto="1" extension_auto="1" />
				<Option object_output="obj/Release/" />
				<Option type="1" />
				<Option compiler="gcc" />
				<Compiler>
					<Add option="-O2" />
				</Compiler>
				<Linker>
					<Add option="-s" />
				</Linker>
			</Target>
		</Build>
		<Compiler>
			<Add option="-Wall" />
		</Compiler>
		<Unit filename="../.gitignore" />
		<Unit filename="../CMakeLists.txt" />
		<Unit filename="../README.md" />
		<Unit filename="../data/obj_pose-laser-radar-synthetic-input.txt" />
		<Unit filename="../readme.txt" />
		<Unit filename="../src/Eigen/Array" />
		<Unit filename="../src/Eigen/CMakeLists.txt" />
		<Unit filename="../src/Eigen/Cholesky" />
		<Unit filename="../src/Eigen/CholmodSupport" />
		<Unit filename="../src/Eigen/Core" />
		<Unit filename="../src/Eigen/Dense" />
		<Unit filename="../src/Eigen/Eigen" />
		<Unit filename="../src/Eigen/Eigen2Support" />
		<Unit filename="../src/Eigen/Eigenvalues" />
		<Unit filename="../src/Eigen/Geometry" />
		<Unit filename="../src/Eigen/Householder" />
		<Unit filename="../src/Eigen/IterativeLinearSolvers" />
		<Unit filename="../src/Eigen/Jacobi" />
		<Unit filename="../src/Eigen/LU" />
		<Unit filename="../src/Eigen/LeastSquares" />
		<Unit filename="../src/Eigen/MetisSupport" />
		<Unit filename="../src/Eigen/OrderingMethods" />
		<Unit filename="../src/Eigen/PaStiXSupport" />
		<Unit filename="../src/Eigen/PardisoSupport" />
		<Unit filename="../src/Eigen/QR" />
		<Unit filename="../src/Eigen/QtAlignedMalloc" />
		<Unit filename="../src/Eigen/SPQRSupport" />
		<Unit filename="../src/Eigen/SVD" />
		<Unit filename="../src/Eigen/Sparse" />
		<Unit filename="../src/Eigen/SparseCholesky" />
		<Unit filename="../src/Eigen/SparseCore" />
		<Unit filename="../src/Eigen/SparseLU" />
		<Unit filename="../src/Eigen/SparseQR" />
		<Unit filename="../src/Eigen/StdDeque" />
		<Unit filename="../src/Eigen/StdList" />
		<Unit filename="../src/Eigen/StdVector" />
		<Unit filename="../src/Eigen/SuperLUSupport" />
		<Unit filename="../src/Eigen/UmfPackSupport" />
		<Unit filename="../src/Eigen/src/CMakeLists.txt" />
		<Unit filename="../src/Eigen/src/Cholesky/CMakeLists.txt" />
		<Unit filename="../src/Eigen/src/Cholesky/LDLT.h" />
		<Unit filename="../src/Eigen/src/Cholesky/LLT.h" />
		<Unit filename="../src/Eigen/src/Cholesky/LLT_MKL.h" />
		<Unit filename="../src/Eigen/src/CholmodSupport/CMakeLists.txt" />
		<Unit filename="../src/Eigen/src/CholmodSupport/CholmodSupport.h" />
		<Unit filename="../src/Eigen/src/Core/Array.h" />
		<Unit filename="../src/Eigen/src/Core/ArrayBase.h" />
		<Unit filename="../src/Eigen/src/Core/ArrayWrapper.h" />
		<Unit filename="../src/Eigen/src/Core/Assign.h" />
		<Unit filename="../src/Eigen/src/Core/Assign_MKL.h" />
		<Unit filename="../src/Eigen/src/Core/BandMatrix.h" />
		<Unit filename="../src/Eigen/src/Core/Block.h" />
		<Unit filename="../src/Eigen/src/Core/BooleanRedux.h" />
		<Unit filename="../src/Eigen/src/Core/CMakeLists.txt" />
		<Unit filename="../src/Eigen/src/Core/CommaInitializer.h" />
		<Unit filename="../src/Eigen/src/Core/CoreIterators.h" />
		<Unit filename="../src/Eigen/src/Core/CwiseBinaryOp.h" />
		<Unit filename="../src/Eigen/src/Core/CwiseNullaryOp.h" />
		<Unit filename="../src/Eigen/src/Core/CwiseUnaryOp.h" />
		<Unit filename="../src/Eigen/src/Core/CwiseUnaryView.h" />
		<Unit filename="../src/Eigen/src/Core/DenseBase.h" />
		<Unit filename="../src/Eigen/src/Core/DenseCoeffsBase.h" />
		<Unit filename="../src/Eigen/src/Core/DenseStorage.h" />
		<Unit filename="../src/Eigen/src/Core/Diagonal.h" />
		<Unit filename="../src/Eigen/src/Core/DiagonalMatrix.h" />
		<Unit filename="../src/Eigen/src/Core/DiagonalProduct.h" />
		<Unit filename="../src/Eigen/src/Core/Dot.h" />
		<Unit filename="../src/Eigen/src/Core/EigenBase.h" />
		<Unit filename="../src/Eigen/src/Core/Flagged.h" />
		<Unit filename="../src/Eigen/src/Core/ForceAlignedAccess.h" />
		<Unit filename="../src/Eigen/src/Core/Functors.h" />
		<Unit filename="../src/Eigen/src/Core/Fuzzy.h" />
		<Unit filename="../src/Eigen/src/Core/GeneralProduct.h" />
		<Unit filename="../src/Eigen/src/Core/GenericPacketMath.h" />
		<Unit filename="../src/Eigen/src/Core/GlobalFunctions.h" />
		<Unit filename="../src/Eigen/src/Core/IO.h" />
		<Unit filename="../src/Eigen/src/Core/Map.h" />
		<Unit filename="../src/Eigen/src/Core/MapBase.h" />
		<Unit filename="../src/Eigen/src/Core/MathFunctions.h" />
		<Unit filename="../src/Eigen/src/Core/Matrix.h" />
		<Unit filename="../src/Eigen/src/Core/MatrixBase.h" />
		<Unit filename="../src/Eigen/src/Core/NestByValue.h" />
		<Unit filename="../src/Eigen/src/Core/NoAlias.h" />
		<Unit filename="../src/Eigen/src/Core/NumTraits.h" />
		<Unit filename="../src/Eigen/src/Core/PermutationMatrix.h" />
		<Unit filename="../src/Eigen/src/Core/PlainObjectBase.h" />
		<Unit filename="../src/Eigen/src/Core/ProductBase.h" />
		<Unit filename="../src/Eigen/src/Core/Random.h" />
		<Unit filename="../src/Eigen/src/Core/Redux.h" />
		<Unit filename="../src/Eigen/src/Core/Ref.h" />
		<Unit filename="../src/Eigen/src/Core/Replicate.h" />
		<Unit filename="../src/Eigen/src/Core/ReturnByValue.h" />
		<Unit filename="../src/Eigen/src/Core/Reverse.h" />
		<Unit filename="../src/Eigen/src/Core/Select.h" />
		<Unit filename="../src/Eigen/src/Core/SelfAdjointView.h" />
		<Unit filename="../src/Eigen/src/Core/SelfCwiseBinaryOp.h" />
		<Unit filename="../src/Eigen/src/Core/SolveTriangular.h" />
		<Unit filename="../src/Eigen/src/Core/StableNorm.h" />
		<Unit filename="../src/Eigen/src/Core/Stride.h" />
		<Unit filename="../src/Eigen/src/Core/Swap.h" />
		<Unit filename="../src/Eigen/src/Core/Transpose.h" />
		<Unit filename="../src/Eigen/src/Core/Transpositions.h" />
		<Unit filename="../src/Eigen/src/Core/TriangularMatrix.h" />
		<Unit filename="../src/Eigen/src/Core/VectorBlock.h" />
		<Unit filename="../src/Eigen/src/Core/VectorwiseOp.h" />
		<Unit filename="../src/Eigen/src/Core/Visitor.h" />
		<Unit filename="../src/Eigen/src/Core/arch/AltiVec/CMakeLists.txt" />
		<Unit filename="../src/Eigen/src/Core/arch/AltiVec/Complex.h" />
		<Unit filename="../src/Eigen/src/Core/arch/AltiVec/PacketMath.h" />
		<Unit filename="../src/Eigen/src/Core/arch/CMakeLists.txt" />
		<Unit filename="../src/Eigen/src/Core/arch/Default/CMakeLists.txt" />
		<Unit filename="../src/Eigen/src/Core/arch/Default/Settings.h" />
		<Unit filename="../src/Eigen/src/Core/arch/NEON/CMakeLists.txt" />
		<Unit filename="../src/Eigen/src/Core/arch/NEON/Complex.h" />
		<Unit filename="../src/Eigen/src/Core/arch/NEON/PacketMath.h" />
		<Unit filename="../src/Eigen/src/Core/arch/SSE/CMakeLists.txt" />
		<Unit filename="../src/Eigen/src/Core/arch/SSE/Complex.h" />
		<Unit filename="../src/Eigen/src/Core/arch/SSE/MathFunctions.h" />
		<Unit filename="../src/Eigen/src/Core/arch/SSE/PacketMath.h" />
		<Unit filename="../src/Eigen/src/Core/products/CMakeLists.txt" />
		<Unit filename="../src/Eigen/src/Core/products/CoeffBasedProduct.h" />
		<Unit filename="../src/Eigen/src/Core/products/GeneralBlockPanelKernel.h" />
		<Unit filename="../src/Eigen/src/Core/products/GeneralMatrixMatrix.h" />
		<Unit filename="../src/Eigen/src/Core/products/GeneralMatrixMatrixTriangular.h" />
		<Unit filename="../src/Eigen/src/Core/products/GeneralMatrixMatrixTriangular_MKL.h" />
		<Unit filename="../src/Eigen/src/Core/products/GeneralMatrixMatrix_MKL.h" />
		<Unit filename="../src/Eigen/src/Core/products/GeneralMatrixVector.h" />
		<Unit filename="../src/Eigen/src/Core/products/GeneralMatrixVector_MKL.h" />
		<Unit filename="../src/Eigen/src/Core/products/Parallelizer.h" />
		<Unit filename="../src/Eigen/src/Core/products/SelfadjointMatrixMatrix.h" />
		<Unit filename="../src/Eigen/src/Core/products/SelfadjointMatrixMatrix_MKL.h" />
		<Unit filename="../src/Eigen/src/Core/products/SelfadjointMatrixVector.h" />
		<Unit filename="../src/Eigen/src/Core/products/SelfadjointMatrixVector_MKL.h" />
		<Unit filename="../src/Eigen/src/Core/products/SelfadjointProduct.h" />
		<Unit filename="../src/Eigen/src/Core/products/SelfadjointRank2Update.h" />
		<Unit filename="../src/Eigen/src/Core/products/TriangularMatrixMatrix.h" />
		<Unit filename="../src/Eigen/src/Core/products/TriangularMatrixMatrix_MKL.h" />
		<Unit filename="../src/Eigen/src/Core/products/TriangularMatrixVector.h" />
		<Unit filename="../src/Eigen/src/Core/products/TriangularMatrixVector_MKL.h" />
		<Unit filename="../src/Eigen/src/Core/products/TriangularSolverMatrix.h" />
		<Unit filename="../src/Eigen/src/Core/products/TriangularSolverMatrix_MKL.h" />
		<Unit filename="../src/Eigen/src/Core/products/TriangularSolverVector.h" />
		<Unit filename="../src/Eigen/src/Core/util/BlasUtil.h" />
		<Unit filename="../src/Eigen/src/Core/util/CMakeLists.txt" />
		<Unit filename="../src/Eigen/src/Core/util/Constants.h" />
		<Unit filename="../src/Eigen/src/Core/util/DisableStupidWarnings.h" />
		<Unit filename="../src/Eigen/src/Core/util/ForwardDeclarations.h" />
		<Unit filename="../src/Eigen/src/Core/util/MKL_support.h" />
		<Unit filename="../src/Eigen/src/Core/util/Macros.h" />
		<Unit filename="../src/Eigen/src/Core/util/Memory.h" />
		<Unit filename="../src/Eigen/src/Core/util/Meta.h" />
		<Unit filename="../src/Eigen/src/Core/util/NonMPL2.h" />
		<Unit filename="../src/Eigen/src/Core/util/ReenableStupidWarnings.h" />
		<Unit filename="../src/Eigen/src/Core/util/StaticAssert.h" />
		<Unit filename="../src/Eigen/src/Core/util/XprHelper.h" />
		<Unit filename="../src/Eigen/src/Eigen2Support/Block.h" />
		<Unit filename="../src/Eigen/src/Eigen2Support/CMakeLists.txt" />
		<Unit filename="../src/Eigen/src/Eigen2Support/Cwise.h" />
		<Unit filename="../src/Eigen/src/Eigen2Support/CwiseOperators.h" />
		<Unit filename="../src/Eigen/src/Eigen2Support/Geometry/AlignedBox.h" />
		<Unit filename="../src/Eigen/src/Eigen2Support/Geometry/All.h" />
		<Unit filename="../src/Eigen/src/Eigen2Support/Geometry/AngleAxis.h" />
		<Unit filename="../src/Eigen/src/Eigen2Support/Geometry/CMakeLists.txt" />
		<Unit filename="../src/Eigen/src/Eigen2Support/Geometry/Hyperplane.h" />
		<Unit filename="../src/Eigen/src/Eigen2Support/Geometry/ParametrizedLine.h" />
		<Unit filename="../src/Eigen/src/Eigen2Support/Geometry/Quaternion.h" />
		<Unit filename="../src/Eigen/src/Eigen2Support/Geometry/Rotation2D.h" />
		<Unit filename="../src/Eigen/src/Eigen2Support/Geometry/RotationBase.h" />
		<Unit filename="../src/Eigen/src/Eigen2Support/Geometry/Scaling.h" />
		<Unit filename="../src/Eigen/src/Eigen2Support/Geometry/Transform.h" />
		<Unit filename="../src/Eigen/src/Eigen2Support/Geometry/Translation.h" />
		<Unit filename="../src/Eigen/src/Eigen2Support/LU.h" />
		<Unit filename="../src/Eigen/src/Eigen2Support/Lazy.h" />
		<Unit filename="../src/Eigen/src/Eigen2Support/LeastSquares.h" />
		<Unit filename="../src/Eigen/src/Eigen2Support/Macros.h" />
		<Unit filename="../src/Eigen/src/Eigen2Support/MathFunctions.h" />
		<Unit filename="../src/Eigen/src/Eigen2Support/Memory.h" />
		<Unit filename="../src/Eigen/src/Eigen2Support/Meta.h" />
		<Unit filename="../src/Eigen/src/Eigen2Support/Minor.h" />
		<Unit filename="../src/Eigen/src/Eigen2Support/QR.h" />
		<Unit filename="../src/Eigen/src/Eigen2Support/SVD.h" />
		<Unit filename="../src/Eigen/src/Eigen2Support/TriangularSolver.h" />
		<Unit filename="../src/Eigen/src/Eigen2Support/VectorBlock.h" />
		<Unit filename="../src/Eigen/src/Eigenvalues/CMakeLists.txt" />
		<Unit filename="../src/Eigen/src/Eigenvalues/ComplexEigenSolver.h" />
		<Unit filename="../src/Eigen/src/Eigenvalues/ComplexSchur.h" />
		<Unit filename="../src/Eigen/src/Eigenvalues/ComplexSchur_MKL.h" />
		<Unit filename="../src/Eigen/src/Eigenvalues/EigenSolver.h" />
		<Unit filename="../src/Eigen/src/Eigenvalues/GeneralizedEigenSolver.h" />
		<Unit filename="../src/Eigen/src/Eigenvalues/GeneralizedSelfAdjointEigenSolver.h" />
		<Unit filename="../src/Eigen/src/Eigenvalues/HessenbergDecomposition.h" />
		<Unit filename="../src/Eigen/src/Eigenvalues/MatrixBaseEigenvalues.h" />
		<Unit filename="../src/Eigen/src/Eigenvalues/RealQZ.h" />
		<Unit filename="../src/Eigen/src/Eigenvalues/RealSchur.h" />
		<Unit filename="../src/Eigen/src/Eigenvalues/RealSchur_MKL.h" />
		<Unit filename="../src/Eigen/src/Eigenvalues/SelfAdjointEigenSolver.h" />
		<Unit filename="../src/Eigen/src/Eigenvalues/SelfAdjointEigenSolver_MKL.h" />
		<Unit filename="../src/Eigen/src/Eigenvalues/Tridiagonalization.h" />
		<Unit filename="../src/Eigen/src/Geometry/AlignedBox.h" />
		<Unit filename="../src/Eigen/src/Geometry/AngleAxis.h" />
		<Unit filename="../src/Eigen/src/Geometry/CMakeLists.txt" />
		<Unit filename="../src/Eigen/src/Geometry/EulerAngles.h" />
		<Unit filename="../src/Eigen/src/Geometry/Homogeneous.h" />
		<Unit filename="../src/Eigen/src/Geometry/Hyperplane.h" />
		<Unit filename="../src/Eigen/src/Geometry/OrthoMethods.h" />
		<Unit filename="../src/Eigen/src/Geometry/ParametrizedLine.h" />
		<Unit filename="../src/Eigen/src/Geometry/Quaternion.h" />
		<Unit filename="../src/Eigen/src/Geometry/Rotation2D.h" />
		<Unit filename="../src/Eigen/src/Geometry/RotationBase.h" />
		<Unit filename="../src/Eigen/src/Geometry/Scaling.h" />
		<Unit filename="../src/Eigen/src/Geometry/Transform.h" />
		<Unit filename="../src/Eigen/src/Geometry/Translation.h" />
		<Unit filename="../src/Eigen/src/Geometry/Umeyama.h" />
		<Unit filename="../src/Eigen/src/Geometry/arch/CMakeLists.txt" />
		<Unit filename="../src/Eigen/src/Geometry/arch/Geometry_SSE.h" />
		<Unit filename="../src/Eigen/src/Householder/BlockHouseholder.h" />
		<Unit filename="../src/Eigen/src/Householder/CMakeLists.txt" />
		<Unit filename="../src/Eigen/src/Householder/Householder.h" />
		<Unit filename="../src/Eigen/src/Householder/HouseholderSequence.h" />
		<Unit filename="../src/Eigen/src/IterativeLinearSolvers/BasicPreconditioners.h" />
		<Unit filename="../src/Eigen/src/IterativeLinearSolvers/BiCGSTAB.h" />
		<Unit filename="../src/Eigen/src/IterativeLinearSolvers/CMakeLists.txt" />
		<Unit filename="../src/Eigen/src/IterativeLinearSolvers/ConjugateGradient.h" />
		<Unit filename="../src/Eigen/src/IterativeLinearSolvers/IncompleteLUT.h" />
		<Unit filename="../src/Eigen/src/IterativeLinearSolvers/IterativeSolverBase.h" />
		<Unit filename="../src/Eigen/src/Jacobi/CMakeLists.txt" />
		<Unit filename="../src/Eigen/src/Jacobi/Jacobi.h" />
		<Unit filename="../src/Eigen/src/LU/CMakeLists.txt" />
		<Unit filename="../src/Eigen/src/LU/Determinant.h" />
		<Unit filename="../src/Eigen/src/LU/FullPivLU.h" />
		<Unit filename="../src/Eigen/src/LU/Inverse.h" />
		<Unit filename="../src/Eigen/src/LU/PartialPivLU.h" />
		<Unit filename="../src/Eigen/src/LU/PartialPivLU_MKL.h" />
		<Unit filename="../src/Eigen/src/LU/arch/CMakeLists.txt" />
		<Unit filename="../src/Eigen/src/LU/arch/Inverse_SSE.h" />
		<Unit filename="../src/Eigen/src/MetisSupport/CMakeLists.txt" />
		<Unit filename="../src/Eigen/src/MetisSupport/MetisSupport.h" />
		<Unit filename="../src/Eigen/src/OrderingMethods/Amd.h" />
		<Unit filename="../src/Eigen/src/OrderingMethods/CMakeLists.txt" />
		<Unit filename="../src/Eigen/src/OrderingMethods/Eigen_Colamd.h" />
		<Unit filename="../src/Eigen/src/OrderingMethods/Ordering.h" />
		<Unit filename="../src/Eigen/src/PaStiXSupport/CMakeLists.txt" />
		<Unit filename="../src/Eigen/src/PaStiXSupport/PaStiXSupport.h" />
		<Unit filename="../src/Eigen/src/PardisoSupport/CMakeLists.txt" />
		<Unit filename="../src/Eigen/src/PardisoSupport/PardisoSupport.h" />
		<Unit filename="../src/Eigen/src/QR/CMakeLists.txt" />
		<Unit filename="../src/Eigen/src/QR/ColPivHouseholderQR.h" />
		<Unit filename="../src/Eigen/src/QR/ColPivHouseholderQR_MKL.h" />
		<Unit filename="../src/Eigen/src/QR/FullPivHouseholderQR.h" />
		<Unit filename="../src/Eigen/src/QR/HouseholderQR.h" />
		<Unit filename="../src/Eigen/src/QR/HouseholderQR_MKL.h" />
		<Unit filename="../src/Eigen/src/SPQRSupport/CMakeLists.txt" />
		<Unit filename="../src/Eigen/src/SPQRSupport/SuiteSparseQRSupport.h" />
		<Unit filename="../src/Eigen/src/SVD/CMakeLists.txt" />
		<Unit filename="../src/Eigen/src/SVD/JacobiSVD.h" />
		<Unit filename="../src/Eigen/src/SVD/JacobiSVD_MKL.h" />
		<Unit filename="../src/Eigen/src/SVD/UpperBidiagonalization.h" />
		<Unit filename="../src/Eigen/src/SparseCholesky/CMakeLists.txt" />
		<Unit filename="../src/Eigen/src/SparseCholesky/SimplicialCholesky.h" />
		<Unit filename="../src/Eigen/src/SparseCholesky/SimplicialCholesky_impl.h" />
		<Unit filename="../src/Eigen/src/SparseCore/AmbiVector.h" />
		<Unit filename="../src/Eigen/src/SparseCore/CMakeLists.txt" />
		<Unit filename="../src/Eigen/src/SparseCore/CompressedStorage.h" />
		<Unit filename="../src/Eigen/src/SparseCore/ConservativeSparseSparseProduct.h" />
		<Unit filename="../src/Eigen/src/SparseCore/MappedSparseMatrix.h" />
		<Unit filename="../src/Eigen/src/SparseCore/SparseBlock.h" />
		<Unit filename="../src/Eigen/src/SparseCore/SparseColEtree.h" />
		<Unit filename="../src/Eigen/src/SparseCore/SparseCwiseBinaryOp.h" />
		<Unit filename="../src/Eigen/src/SparseCore/SparseCwiseUnaryOp.h" />
		<Unit filename="../src/Eigen/src/SparseCore/SparseDenseProduct.h" />
		<Unit filename="../src/Eigen/src/SparseCore/SparseDiagonalProduct.h" />
		<Unit filename="../src/Eigen/src/SparseCore/SparseDot.h" />
		<Unit filename="../src/Eigen/src/SparseCore/SparseFuzzy.h" />
		<Unit filename="../src/Eigen/src/SparseCore/SparseMatrix.h" />
		<Unit filename="../src/Eigen/src/SparseCore/SparseMatrixBase.h" />
		<Unit filename="../src/Eigen/src/SparseCore/SparsePermutation.h" />
		<Unit filename="../src/Eigen/src/SparseCore/SparseProduct.h" />
		<Unit filename="../src/Eigen/src/SparseCore/SparseRedux.h" />
		<Unit filename="../src/Eigen/src/SparseCore/SparseSelfAdjointView.h" />
		<Unit filename="../src/Eigen/src/SparseCore/SparseSparseProductWithPruning.h" />
		<Unit filename="../src/Eigen/src/SparseCore/SparseTranspose.h" />
		<Unit filename="../src/Eigen/src/SparseCore/SparseTriangularView.h" />
		<Unit filename="../src/Eigen/src/SparseCore/SparseUtil.h" />
		<Unit filename="../src/Eigen/src/SparseCore/SparseVector.h" />
		<Unit filename="../src/Eigen/src/SparseCore/SparseView.h" />
		<Unit filename="../src/Eigen/src/SparseCore/TriangularSolver.h" />
		<Unit filename="../src/Eigen/src/SparseLU/CMakeLists.txt" />
		<Unit filename="../src/Eigen/src/SparseLU/SparseLU.h" />
		<Unit filename="../src/Eigen/src/SparseLU/SparseLUImpl.h" />
		<Unit filename="../src/Eigen/src/SparseLU/SparseLU_Memory.h" />
		<Unit filename="../src/Eigen/src/SparseLU/SparseLU_Structs.h" />
		<Unit filename="../src/Eigen/src/SparseLU/SparseLU_SupernodalMatrix.h" />
		<Unit filename="../src/Eigen/src/SparseLU/SparseLU_Utils.h" />
		<Unit filename="../src/Eigen/src/SparseLU/SparseLU_column_bmod.h" />
		<Unit filename="../src/Eigen/src/SparseLU/SparseLU_column_dfs.h" />
		<Unit filename="../src/Eigen/src/SparseLU/SparseLU_copy_to_ucol.h" />
		<Unit filename="../src/Eigen/src/SparseLU/SparseLU_gemm_kernel.h" />
		<Unit filename="../src/Eigen/src/SparseLU/SparseLU_heap_relax_snode.h" />
		<Unit filename="../src/Eigen/src/SparseLU/SparseLU_kernel_bmod.h" />
		<Unit filename="../src/Eigen/src/SparseLU/SparseLU_panel_bmod.h" />
		<Unit filename="../src/Eigen/src/SparseLU/SparseLU_panel_dfs.h" />
		<Unit filename="../src/Eigen/src/SparseLU/SparseLU_pivotL.h" />
		<Unit filename="../src/Eigen/src/SparseLU/SparseLU_pruneL.h" />
		<Unit filename="../src/Eigen/src/SparseLU/SparseLU_relax_snode.h" />
		<Unit filename="../src/Eigen/src/SparseQR/CMakeLists.txt" />
		<Unit filename="../src/Eigen/src/SparseQR/SparseQR.h" />
		<Unit filename="../src/Eigen/src/StlSupport/CMakeLists.txt" />
		<Unit filename="../src/Eigen/src/StlSupport/StdDeque.h" />
		<Unit filename="../src/Eigen/src/StlSupport/StdList.h" />
		<Unit filename="../src/Eigen/src/StlSupport/StdVector.h" />
		<Unit filename="../src/Eigen/src/StlSupport/details.h" />
		<Unit filename="../src/Eigen/src/SuperLUSupport/CMakeLists.txt" />
		<Unit filename="../src/Eigen/src/SuperLUSupport/SuperLUSupport.h" />
		<Unit filename="../src/Eigen/src/UmfPackSupport/CMakeLists.txt" />
		<Unit filename="../src/Eigen/src/UmfPackSupport/UmfPackSupport.h" />
		<Unit filename="../src/Eigen/src/misc/CMakeLists.txt" />
		<Unit filename="../src/Eigen/src/misc/Image.h" />
		<Unit filename="../src/Eigen/src/misc/Kernel.h" />
		<Unit filename="../src/Eigen/src/misc/Solve.h" />
		<Unit filename="../src/Eigen/src/misc/SparseSolve.h" />
		<Unit filename="../src/Eigen/src/misc/blas.h" />
		<Unit filename="../src/Eigen/src/plugins/ArrayCwiseBinaryOps.h" />
		<Unit filename="../src/Eigen/src/plugins/ArrayCwiseUnaryOps.h" />
		<Unit filename="../src/Eigen/src/plugins/BlockMethods.h" />
		<Unit filename="../src/Eigen/src/plugins/CMakeLists.txt" />
		<Unit filename="../src/Eigen/src/plugins/CommonCwiseBinaryOps.h" />
		<Unit filename="../src/Eigen/src/plugins/CommonCwiseUnaryOps.h" />
		<Unit filename="../src/Eigen/src/plugins/MatrixCwiseBinaryOps.h" />
		<Unit filename="../src/Eigen/src/plugins/MatrixCwiseUnaryOps.h" />
		<Unit filename="../src/ground_truth_package.h" />
		<Unit filename="../src/main.cpp" />
		<Unit filename="../src/measurement_package.h" />
		<Unit filename="../src/tools.cpp" />
		<Unit filename="../src/tools.h" />
		<Unit filename="../src/ukf.cpp" />
		<Unit filename="../src/ukf.h" />
		<Extensions>
			<code_completion />
			<envvars />
			<debugger />
			<lib_finder disable_auto="1" />
		</Extensions>
	</Project>
</CodeBlocks_project_file>
